
Microsoft Visual Studio Solution File, Format Version 12.00
# Visual Studio Version 17
VisualStudioVersion = 17.14.36414.22 d17.14
MinimumVisualStudioVersion = 10.0.40219.1
Project("{FAE04EC0-301F-11D3-BF4B-00C04F79EFBC}") = "Syntecxhub_User Management System", "Syntecxhub_User Management System\Syntecxhub_User Management System.csproj", "{D647118C-F6C8-46CB-ABE6-6AD28E9400D5}"
EndProject
Global
	GlobalSection(SolutionConfigurationPlatforms) = preSolution
		Debug|Any CPU = Debug|Any CPU
		Release|Any CPU = Release|Any CPU
	EndGlobalSection
	GlobalSection(ProjectConfigurationPlatforms) = postSolution
		{D647118C-F6C8-46CB-ABE6-6AD28E9400D5}.Debug|Any CPU.ActiveCfg = Debug|Any CPU
		{D647118C-F6C8-46CB-ABE6-6AD28E9400D5}.Debug|Any CPU.Build.0 = Debug|Any CPU
		{D647118C-F6C8-46CB-ABE6-6AD28E9400D5}.Release|Any CPU.ActiveCfg = Release|Any CPU
		{D647118C-F6C8-46CB-ABE6-6AD28E9400D5}.Release|Any CPU.Build.0 = Release|Any CPU
	EndGlobalSection
	GlobalSection(SolutionProperties) = preSolution
		HideSolutionNode = FALSE
	EndGlobalSection
	GlobalSection(ExtensibilityGlobals) = postSolution
		SolutionGuid = {88B1DC94-4DBE-4EBD-9471-09CF8BCCC842}
	EndGlobalSection
EndGlobal
